
Microsoft Visual Studio Solution File, Format Version 12.00
# Visual Studio 15
VisualStudioVersion = 15.0.27428.2005
MinimumVisualStudioVersion = 10.0.40219.1
Project("{FAE04EC0-301F-11D3-BF4B-00C04F79EFBC}") = "ExpenseIt", "ExpenseIt\ExpenseIt.csproj", "{F88330BC-ED30-4B11-84A6-C533D151BA1D}"
EndProject
Global
	GlobalSection(SolutionConfigurationPlatforms) = preSolution
		Debug|Any CPU = Debug|Any CPU
		Release|Any CPU = Release|Any CPU
	EndGlobalSection
	GlobalSection(ProjectConfigurationPlatforms) = postSolution
		{F88330BC-ED30-4B11-84A6-C533D151BA1D}.Debug|Any CPU.ActiveCfg = Debug|Any CPU
		{F88330BC-ED30-4B11-84A6-C533D151BA1D}.Debug|Any CPU.Build.0 = Debug|Any CPU
		{F88330BC-ED30-4B11-84A6-C533D151BA1D}.Release|Any CPU.ActiveCfg = Release|Any CPU
		{F88330BC-ED30-4B11-84A6-C533D151BA1D}.Release|Any CPU.Build.0 = Release|Any CPU
	EndGlobalSection
	GlobalSection(SolutionProperties) = preSolution
		HideSolutionNode = FALSE
	EndGlobalSection
	GlobalSection(ExtensibilityGlobals) = postSolution
		SolutionGuid = {B5CFE9FD-D6A2-44DF-B6C2-221B45F408ED}
	EndGlobalSection
EndGlobal
